
Microsoft Visual Studio Solution File, Format Version 12.00
# Visual Studio Version 16
VisualStudioVersion = 16.0.31105.61
MinimumVisualStudioVersion = 10.0.40219.1
Project("{FAE04EC0-301F-11D3-BF4B-00C04F79EFBC}") = "RabbitMQ.publisher", "RabbitMQ.publisher\RabbitMQ.publisher.csproj", "{34E8DF3A-53E5-444E-AD63-07E1DFCF69F8}"
EndProject
Project("{FAE04EC0-301F-11D3-BF4B-00C04F79EFBC}") = "RabbitMQ.subscriber", "RabbitMQ.subscriber\RabbitMQ.subscriber.csproj", "{9BBA827B-F0BB-43A6-BCDF-F2204634CA6E}"
EndProject
Global
	GlobalSection(SolutionConfigurationPlatforms) = preSolution
		Debug|Any CPU = Debug|Any CPU
		Release|Any CPU = Release|Any CPU
	EndGlobalSection
	GlobalSection(ProjectConfigurationPlatforms) = postSolution
		{34E8DF3A-53E5-444E-AD63-07E1DFCF69F8}.Debug|Any CPU.ActiveCfg = Debug|Any CPU
		{34E8DF3A-53E5-444E-AD63-07E1DFCF69F8}.Debug|Any CPU.Build.0 = Debug|Any CPU
		{34E8DF3A-53E5-444E-AD63-07E1DFCF69F8}.Release|Any CPU.ActiveCfg = Release|Any CPU
		{34E8DF3A-53E5-444E-AD63-07E1DFCF69F8}.Release|Any CPU.Build.0 = Release|Any CPU
		{9BBA827B-F0BB-43A6-BCDF-F2204634CA6E}.Debug|Any CPU.ActiveCfg = Debug|Any CPU
		{9BBA827B-F0BB-43A6-BCDF-F2204634CA6E}.Debug|Any CPU.Build.0 = Debug|Any CPU
		{9BBA827B-F0BB-43A6-BCDF-F2204634CA6E}.Release|Any CPU.ActiveCfg = Release|Any CPU
		{9BBA827B-F0BB-43A6-BCDF-F2204634CA6E}.Release|Any CPU.Build.0 = Release|Any CPU
	EndGlobalSection
	GlobalSection(SolutionProperties) = preSolution
		HideSolutionNode = FALSE
	EndGlobalSection
	GlobalSection(ExtensibilityGlobals) = postSolution
		SolutionGuid = {3D34ABBB-7726-4663-A50D-B20BD492ACE8}
	EndGlobalSection
EndGlobal
